
Microsoft Visual Studio Solution File, Format Version 12.00
# Visual Studio Version 16
VisualStudioVersion = 16.0.31729.503
MinimumVisualStudioVersion = 10.0.40219.1
Project("{FAE04EC0-301F-11D3-BF4B-00C04F79EFBC}") = "ElasticArcheveHandler", "ElasticArcheveHandler\ElasticArcheveHandler.csproj", "{35DA613E-F729-4C7B-8B44-38E335397EF0}"
EndProject
Project("{FAE04EC0-301F-11D3-BF4B-00C04F79EFBC}") = "ElasticArchiveHandler", "ElasticArchiveHandler\ElasticArchiveHandler.csproj", "{B92E1D8C-62ED-48E6-A565-026F4E24B597}"
EndProject
Global
	GlobalSection(SolutionConfigurationPlatforms) = preSolution
		Debug|Any CPU = Debug|Any CPU
		Release|Any CPU = Release|Any CPU
	EndGlobalSection
	GlobalSection(ProjectConfigurationPlatforms) = postSolution
		{35DA613E-F729-4C7B-8B44-38E335397EF0}.Debug|Any CPU.ActiveCfg = Debug|Any CPU
		{35DA613E-F729-4C7B-8B44-38E335397EF0}.Debug|Any CPU.Build.0 = Debug|Any CPU
		{35DA613E-F729-4C7B-8B44-38E335397EF0}.Release|Any CPU.ActiveCfg = Release|Any CPU
		{35DA613E-F729-4C7B-8B44-38E335397EF0}.Release|Any CPU.Build.0 = Release|Any CPU
		{B92E1D8C-62ED-48E6-A565-026F4E24B597}.Debug|Any CPU.ActiveCfg = Debug|Any CPU
		{B92E1D8C-62ED-48E6-A565-026F4E24B597}.Debug|Any CPU.Build.0 = Debug|Any CPU
		{B92E1D8C-62ED-48E6-A565-026F4E24B597}.Release|Any CPU.ActiveCfg = Release|Any CPU
		{B92E1D8C-62ED-48E6-A565-026F4E24B597}.Release|Any CPU.Build.0 = Release|Any CPU
	EndGlobalSection
	GlobalSection(SolutionProperties) = preSolution
		HideSolutionNode = FALSE
	EndGlobalSection
	GlobalSection(ExtensibilityGlobals) = postSolution
		SolutionGuid = {1C40EABB-C43A-46B3-ACED-33A59BD07368}
	EndGlobalSection
EndGlobal
